// !$*UTF8*$!
{
	archiveVersion = 1;
	classes = {
	};
	objectVersion = 56;
	objects = {

/* Begin PBXBuildFile section */
		0C1DF6552B60DF8800A00508 /* PedometerService_Protocol.swift in Sources */ = {isa = PBXBuildFile; fileRef = 0C1DF6542B60DF8800A00508 /* PedometerService_Protocol.swift */; };
		0C1DF6572B60DFA600A00508 /* PedometerError.swift in Sources */ = {isa = PBXBuildFile; fileRef = 0C1DF6562B60DFA600A00508 /* PedometerError.swift */; };
		0C1DF65A2B60DFCB00A00508 /* String+Extensions.swift in Sources */ = {isa = PBXBuildFile; fileRef = 0C1DF6592B60DFCB00A00508 /* String+Extensions.swift */; };
		0C1DF65C2B60E06000A00508 /* Pedometer.swift in Sources */ = {isa = PBXBuildFile; fileRef = 0C1DF65B2B60E06000A00508 /* Pedometer.swift */; };
		0C1DF65E2B60E06800A00508 /* PedometerData.swift in Sources */ = {isa = PBXBuildFile; fileRef = 0C1DF65D2B60E06800A00508 /* PedometerData.swift */; };
		0C1DF6602B60E09700A00508 /* Date+Extensions.swift in Sources */ = {isa = PBXBuildFile; fileRef = 0C1DF65F2B60E09700A00508 /* Date+Extensions.swift */; };
		0C1DF6622B60EAE200A00508 /* PedometerService.swift in Sources */ = {isa = PBXBuildFile; fileRef = 0C1DF6612B60EAE200A00508 /* PedometerService.swift */; };
		0C1DF6642B60EB9D00A00508 /* CoreMotion+Extensions.swift in Sources */ = {isa = PBXBuildFile; fileRef = 0C1DF6632B60EB9D00A00508 /* CoreMotion+Extensions.swift */; };
		0C1DF6692B60EF5700A00508 /* PedometerServiceTests.swift in Sources */ = {isa = PBXBuildFile; fileRef = 0C1DF6682B60EF5700A00508 /* PedometerServiceTests.swift */; };
		0C1DF66C2B60F01F00A00508 /* MockPedometer.swift in Sources */ = {isa = PBXBuildFile; fileRef = 0C1DF66B2B60F01F00A00508 /* MockPedometer.swift */; };
		0C1DF66E2B60F03800A00508 /* MockPedometerData.swift in Sources */ = {isa = PBXBuildFile; fileRef = 0C1DF66D2B60F03800A00508 /* MockPedometerData.swift */; };
		0C1DF6702B60F21B00A00508 /* Fixtures.swift in Sources */ = {isa = PBXBuildFile; fileRef = 0C1DF66F2B60F21B00A00508 /* Fixtures.swift */; };
		0C1DF6772B60F42E00A00508 /* SimulatorPedometer.swift in Sources */ = {isa = PBXBuildFile; fileRef = 0C1DF6762B60F42E00A00508 /* SimulatorPedometer.swift */; };
		0C1DF6792B60F60100A00508 /* SimulatorPedometerTests.swift in Sources */ = {isa = PBXBuildFile; fileRef = 0C1DF6782B60F60100A00508 /* SimulatorPedometerTests.swift */; };
		0C1DF67B2B60F69C00A00508 /* Date+ExtensionsTests.swift in Sources */ = {isa = PBXBuildFile; fileRef = 0C1DF67A2B60F69C00A00508 /* Date+ExtensionsTests.swift */; };
		0C1DF67E2B60F7B100A00508 /* Constants.swift in Sources */ = {isa = PBXBuildFile; fileRef = 0C1DF67D2B60F7B100A00508 /* Constants.swift */; };
		0C1DF6812B60F7EF00A00508 /* BrandVerticalDivider.swift in Sources */ = {isa = PBXBuildFile; fileRef = 0C1DF6802B60F7EF00A00508 /* BrandVerticalDivider.swift */; };
		0C1DF6832B60F8DB00A00508 /* ColorAssets.xcassets in Resources */ = {isa = PBXBuildFile; fileRef = 0C1DF6822B60F8DB00A00508 /* ColorAssets.xcassets */; };
		0C1DF6862B60F98300A00508 /* HomeScreen.swift in Sources */ = {isa = PBXBuildFile; fileRef = 0C1DF6852B60F98300A00508 /* HomeScreen.swift */; };
		0C1DF6882B60F98C00A00508 /* HomeScreenViewModel.swift in Sources */ = {isa = PBXBuildFile; fileRef = 0C1DF6872B60F98C00A00508 /* HomeScreenViewModel.swift */; };
		0C1DF68D2B60F9AD00A00508 /* StepsListItemView.swift in Sources */ = {isa = PBXBuildFile; fileRef = 0C1DF68C2B60F9AD00A00508 /* StepsListItemView.swift */; };
		0C1DF68F2B60F9B500A00508 /* ArcProgressView.swift in Sources */ = {isa = PBXBuildFile; fileRef = 0C1DF68E2B60F9B500A00508 /* ArcProgressView.swift */; };
		0C1DF6912B60F9DF00A00508 /* Text+Extensions.swift in Sources */ = {isa = PBXBuildFile; fileRef = 0C1DF6902B60F9DF00A00508 /* Text+Extensions.swift */; };
		0C1DF6932B60FAFD00A00508 /* StepSummary.swift in Sources */ = {isa = PBXBuildFile; fileRef = 0C1DF6922B60FAFD00A00508 /* StepSummary.swift */; };
		0C1DF6962B60FC2F00A00508 /* StepsDetailScreen.swift in Sources */ = {isa = PBXBuildFile; fileRef = 0C1DF6952B60FC2F00A00508 /* StepsDetailScreen.swift */; };
		0C1DF69A2B60FC5400A00508 /* MetricStyle.swift in Sources */ = {isa = PBXBuildFile; fileRef = 0C1DF6992B60FC5400A00508 /* MetricStyle.swift */; };
		0C1DF69C2B60FC6A00A00508 /* MetricView.swift in Sources */ = {isa = PBXBuildFile; fileRef = 0C1DF69B2B60FC6A00A00508 /* MetricView.swift */; };
		0C1DF69E2B60FD1500A00508 /* MainThreadHelper.swift in Sources */ = {isa = PBXBuildFile; fileRef = 0C1DF69D2B60FD1500A00508 /* MainThreadHelper.swift */; };
		0C1DF6A02B60FE0F00A00508 /* StepSummaryTests.swift in Sources */ = {isa = PBXBuildFile; fileRef = 0C1DF69F2B60FE0F00A00508 /* StepSummaryTests.swift */; };
		0C1DF6A22B60FE8100A00508 /* HomeScreenViewModelTests.swift in Sources */ = {isa = PBXBuildFile; fileRef = 0C1DF6A12B60FE8100A00508 /* HomeScreenViewModelTests.swift */; };
		0C1DF6A42B60FEF400A00508 /* MockPedometerService.swift in Sources */ = {isa = PBXBuildFile; fileRef = 0C1DF6A32B60FEF400A00508 /* MockPedometerService.swift */; };
		0C1DF6A62B61075300A00508 /* BrandLogo.swift in Sources */ = {isa = PBXBuildFile; fileRef = 0C1DF6A52B61075300A00508 /* BrandLogo.swift */; };
		0C1DF6A82B6107F600A00508 /* ErrorView.swift in Sources */ = {isa = PBXBuildFile; fileRef = 0C1DF6A72B6107F600A00508 /* ErrorView.swift */; };
		0C1DF6AA2B61155100A00508 /* GoalStatus.swift in Sources */ = {isa = PBXBuildFile; fileRef = 0C1DF6A92B61155100A00508 /* GoalStatus.swift */; };
		0C5168C02B61626400750068 /* ChangeGoalSheet.swift in Sources */ = {isa = PBXBuildFile; fileRef = 0C5168BF2B61626400750068 /* ChangeGoalSheet.swift */; };
		0C5168C22B61652800750068 /* BrandButton.swift in Sources */ = {isa = PBXBuildFile; fileRef = 0C5168C12B61652800750068 /* BrandButton.swift */; };
		0C5168C52B6167DA00750068 /* UserDefaultWrapper.swift in Sources */ = {isa = PBXBuildFile; fileRef = 0C5168C42B6167DA00750068 /* UserDefaultWrapper.swift */; };
		0C5168C72B61681000750068 /* UserDefaults+Extensions.swift in Sources */ = {isa = PBXBuildFile; fileRef = 0C5168C62B61681000750068 /* UserDefaults+Extensions.swift */; };
		0C5168C92B6181CD00750068 /* UserDefaults_Protocol.swift in Sources */ = {isa = PBXBuildFile; fileRef = 0C5168C82B6181CD00750068 /* UserDefaults_Protocol.swift */; };
		0C5168CB2B61833600750068 /* MockUserDefaults.swift in Sources */ = {isa = PBXBuildFile; fileRef = 0C5168CA2B61833600750068 /* MockUserDefaults.swift */; };
		0C5168CE2B61991100750068 /* LaunchScreen.swift in Sources */ = {isa = PBXBuildFile; fileRef = 0C5168CD2B61991100750068 /* LaunchScreen.swift */; };
		0C5168D02B61B39A00750068 /* README.md in Resources */ = {isa = PBXBuildFile; fileRef = 0C5168CF2B61B39A00750068 /* README.md */; };
		0C7C7C482B60DAA900444DD0 /* MyStepsPalApp.swift in Sources */ = {isa = PBXBuildFile; fileRef = 0C7C7C472B60DAA900444DD0 /* MyStepsPalApp.swift */; };
		0C7C7C4C2B60DAAA00444DD0 /* Assets.xcassets in Resources */ = {isa = PBXBuildFile; fileRef = 0C7C7C4B2B60DAAA00444DD0 /* Assets.xcassets */; };
		0C7C7C4F2B60DAAA00444DD0 /* Preview Assets.xcassets in Resources */ = {isa = PBXBuildFile; fileRef = 0C7C7C4E2B60DAAA00444DD0 /* Preview Assets.xcassets */; };
/* End PBXBuildFile section */

/* Begin PBXContainerItemProxy section */
		0C7C7C552B60DAAA00444DD0 /* PBXContainerItemProxy */ = {
			isa = PBXContainerItemProxy;
			containerPortal = 0C7C7C3C2B60DAA900444DD0 /* Project object */;
			proxyType = 1;
			remoteGlobalIDString = 0C7C7C432B60DAA900444DD0;
			remoteInfo = MyStepsPal;
		};
/* End PBXContainerItemProxy section */

/* Begin PBXFileReference section */
		0C1DF6542B60DF8800A00508 /* PedometerService_Protocol.swift */ = {isa = PBXFileReference; lastKnownFileType = sourcecode.swift; path = PedometerService_Protocol.swift; sourceTree = "<group>"; };
		0C1DF6562B60DFA600A00508 /* PedometerError.swift */ = {isa = PBXFileReference; lastKnownFileType = sourcecode.swift; path = PedometerError.swift; sourceTree = "<group>"; };
		0C1DF6592B60DFCB00A00508 /* String+Extensions.swift */ = {isa = PBXFileReference; lastKnownFileType = sourcecode.swift; path = "String+Extensions.swift"; sourceTree = "<group>"; };
		0C1DF65B2B60E06000A00508 /* Pedometer.swift */ = {isa = PBXFileReference; lastKnownFileType = sourcecode.swift; path = Pedometer.swift; sourceTree = "<group>"; };
		0C1DF65D2B60E06800A00508 /* PedometerData.swift */ = {isa = PBXFileReference; lastKnownFileType = sourcecode.swift; path = PedometerData.swift; sourceTree = "<group>"; };
		0C1DF65F2B60E09700A00508 /* Date+Extensions.swift */ = {isa = PBXFileReference; lastKnownFileType = sourcecode.swift; path = "Date+Extensions.swift"; sourceTree = "<group>"; };
		0C1DF6612B60EAE200A00508 /* PedometerService.swift */ = {isa = PBXFileReference; lastKnownFileType = sourcecode.swift; path = PedometerService.swift; sourceTree = "<group>"; };
		0C1DF6632B60EB9D00A00508 /* CoreMotion+Extensions.swift */ = {isa = PBXFileReference; lastKnownFileType = sourcecode.swift; path = "CoreMotion+Extensions.swift"; sourceTree = "<group>"; };
		0C1DF6682B60EF5700A00508 /* PedometerServiceTests.swift */ = {isa = PBXFileReference; lastKnownFileType = sourcecode.swift; path = PedometerServiceTests.swift; sourceTree = "<group>"; };
		0C1DF66B2B60F01F00A00508 /* MockPedometer.swift */ = {isa = PBXFileReference; lastKnownFileType = sourcecode.swift; path = MockPedometer.swift; sourceTree = "<group>"; };
		0C1DF66D2B60F03800A00508 /* MockPedometerData.swift */ = {isa = PBXFileReference; lastKnownFileType = sourcecode.swift; path = MockPedometerData.swift; sourceTree = "<group>"; };
		0C1DF66F2B60F21B00A00508 /* Fixtures.swift */ = {isa = PBXFileReference; lastKnownFileType = sourcecode.swift; path = Fixtures.swift; sourceTree = "<group>"; };
		0C1DF6762B60F42E00A00508 /* SimulatorPedometer.swift */ = {isa = PBXFileReference; lastKnownFileType = sourcecode.swift; path = SimulatorPedometer.swift; sourceTree = "<group>"; };
		0C1DF6782B60F60100A00508 /* SimulatorPedometerTests.swift */ = {isa = PBXFileReference; lastKnownFileType = sourcecode.swift; path = SimulatorPedometerTests.swift; sourceTree = "<group>"; };
		0C1DF67A2B60F69C00A00508 /* Date+ExtensionsTests.swift */ = {isa = PBXFileReference; lastKnownFileType = sourcecode.swift; path = "Date+ExtensionsTests.swift"; sourceTree = "<group>"; };
		0C1DF67D2B60F7B100A00508 /* Constants.swift */ = {isa = PBXFileReference; lastKnownFileType = sourcecode.swift; path = Constants.swift; sourceTree = "<group>"; };
		0C1DF6802B60F7EF00A00508 /* BrandVerticalDivider.swift */ = {isa = PBXFileReference; lastKnownFileType = sourcecode.swift; path = BrandVerticalDivider.swift; sourceTree = "<group>"; };
		0C1DF6822B60F8DB00A00508 /* ColorAssets.xcassets */ = {isa = PBXFileReference; lastKnownFileType = folder.assetcatalog; path = ColorAssets.xcassets; sourceTree = "<group>"; };
		0C1DF6852B60F98300A00508 /* HomeScreen.swift */ = {isa = PBXFileReference; lastKnownFileType = sourcecode.swift; path = HomeScreen.swift; sourceTree = "<group>"; };
		0C1DF6872B60F98C00A00508 /* HomeScreenViewModel.swift */ = {isa = PBXFileReference; lastKnownFileType = sourcecode.swift; path = HomeScreenViewModel.swift; sourceTree = "<group>"; };
		0C1DF68C2B60F9AD00A00508 /* StepsListItemView.swift */ = {isa = PBXFileReference; lastKnownFileType = sourcecode.swift; path = StepsListItemView.swift; sourceTree = "<group>"; };
		0C1DF68E2B60F9B500A00508 /* ArcProgressView.swift */ = {isa = PBXFileReference; lastKnownFileType = sourcecode.swift; path = ArcProgressView.swift; sourceTree = "<group>"; };
		0C1DF6902B60F9DF00A00508 /* Text+Extensions.swift */ = {isa = PBXFileReference; lastKnownFileType = sourcecode.swift; path = "Text+Extensions.swift"; sourceTree = "<group>"; };
		0C1DF6922B60FAFD00A00508 /* StepSummary.swift */ = {isa = PBXFileReference; lastKnownFileType = sourcecode.swift; path = StepSummary.swift; sourceTree = "<group>"; };
		0C1DF6952B60FC2F00A00508 /* StepsDetailScreen.swift */ = {isa = PBXFileReference; lastKnownFileType = sourcecode.swift; path = StepsDetailScreen.swift; sourceTree = "<group>"; };
		0C1DF6992B60FC5400A00508 /* MetricStyle.swift */ = {isa = PBXFileReference; lastKnownFileType = sourcecode.swift; path = MetricStyle.swift; sourceTree = "<group>"; };
		0C1DF69B2B60FC6A00A00508 /* MetricView.swift */ = {isa = PBXFileReference; lastKnownFileType = sourcecode.swift; path = MetricView.swift; sourceTree = "<group>"; };
		0C1DF69D2B60FD1500A00508 /* MainThreadHelper.swift */ = {isa = PBXFileReference; lastKnownFileType = sourcecode.swift; path = MainThreadHelper.swift; sourceTree = "<group>"; };
		0C1DF69F2B60FE0F00A00508 /* StepSummaryTests.swift */ = {isa = PBXFileReference; lastKnownFileType = sourcecode.swift; path = StepSummaryTests.swift; sourceTree = "<group>"; };
		0C1DF6A12B60FE8100A00508 /* HomeScreenViewModelTests.swift */ = {isa = PBXFileReference; lastKnownFileType = sourcecode.swift; path = HomeScreenViewModelTests.swift; sourceTree = "<group>"; };
		0C1DF6A32B60FEF400A00508 /* MockPedometerService.swift */ = {isa = PBXFileReference; lastKnownFileType = sourcecode.swift; path = MockPedometerService.swift; sourceTree = "<group>"; };
		0C1DF6A52B61075300A00508 /* BrandLogo.swift */ = {isa = PBXFileReference; lastKnownFileType = sourcecode.swift; path = BrandLogo.swift; sourceTree = "<group>"; };
		0C1DF6A72B6107F600A00508 /* ErrorView.swift */ = {isa = PBXFileReference; lastKnownFileType = sourcecode.swift; path = ErrorView.swift; sourceTree = "<group>"; };
		0C1DF6A92B61155100A00508 /* GoalStatus.swift */ = {isa = PBXFileReference; lastKnownFileType = sourcecode.swift; path = GoalStatus.swift; sourceTree = "<group>"; };
		0C5168BF2B61626400750068 /* ChangeGoalSheet.swift */ = {isa = PBXFileReference; lastKnownFileType = sourcecode.swift; path = ChangeGoalSheet.swift; sourceTree = "<group>"; };
		0C5168C12B61652800750068 /* BrandButton.swift */ = {isa = PBXFileReference; lastKnownFileType = sourcecode.swift; path = BrandButton.swift; sourceTree = "<group>"; };
		0C5168C42B6167DA00750068 /* UserDefaultWrapper.swift */ = {isa = PBXFileReference; lastKnownFileType = sourcecode.swift; path = UserDefaultWrapper.swift; sourceTree = "<group>"; };
		0C5168C62B61681000750068 /* UserDefaults+Extensions.swift */ = {isa = PBXFileReference; lastKnownFileType = sourcecode.swift; path = "UserDefaults+Extensions.swift"; sourceTree = "<group>"; };
		0C5168C82B6181CD00750068 /* UserDefaults_Protocol.swift */ = {isa = PBXFileReference; lastKnownFileType = sourcecode.swift; path = UserDefaults_Protocol.swift; sourceTree = "<group>"; };
		0C5168CA2B61833600750068 /* MockUserDefaults.swift */ = {isa = PBXFileReference; lastKnownFileType = sourcecode.swift; path = MockUserDefaults.swift; sourceTree = "<group>"; };
		0C5168CD2B61991100750068 /* LaunchScreen.swift */ = {isa = PBXFileReference; lastKnownFileType = sourcecode.swift; path = LaunchScreen.swift; sourceTree = "<group>"; };
		0C5168CF2B61B39A00750068 /* README.md */ = {isa = PBXFileReference; lastKnownFileType = net.daringfireball.markdown; path = README.md; sourceTree = "<group>"; };
		0C5168D12B61B7FC00750068 /* MyStepsPal.xctestplan */ = {isa = PBXFileReference; lastKnownFileType = text; path = MyStepsPal.xctestplan; sourceTree = "<group>"; };
		0C7C7C442B60DAA900444DD0 /* MyStepsPal.app */ = {isa = PBXFileReference; explicitFileType = wrapper.application; includeInIndex = 0; path = MyStepsPal.app; sourceTree = BUILT_PRODUCTS_DIR; };
		0C7C7C472B60DAA900444DD0 /* MyStepsPalApp.swift */ = {isa = PBXFileReference; lastKnownFileType = sourcecode.swift; path = MyStepsPalApp.swift; sourceTree = "<group>"; };
		0C7C7C4B2B60DAAA00444DD0 /* Assets.xcassets */ = {isa = PBXFileReference; lastKnownFileType = folder.assetcatalog; path = Assets.xcassets; sourceTree = "<group>"; };
		0C7C7C4E2B60DAAA00444DD0 /* Preview Assets.xcassets */ = {isa = PBXFileReference; lastKnownFileType = folder.assetcatalog; path = "Preview Assets.xcassets"; sourceTree = "<group>"; };
		0C7C7C542B60DAAA00444DD0 /* MyStepsPalTests.xctest */ = {isa = PBXFileReference; explicitFileType = wrapper.cfbundle; includeInIndex = 0; path = MyStepsPalTests.xctest; sourceTree = BUILT_PRODUCTS_DIR; };
/* End PBXFileReference section */

/* Begin PBXFrameworksBuildPhase section */
		0C7C7C412B60DAA900444DD0 /* Frameworks */ = {
			isa = PBXFrameworksBuildPhase;
			buildActionMask = 2147483647;
			files = (
			);
			runOnlyForDeploymentPostprocessing = 0;
		};
		0C7C7C512B60DAAA00444DD0 /* Frameworks */ = {
			isa = PBXFrameworksBuildPhase;
			buildActionMask = 2147483647;
			files = (
			);
			runOnlyForDeploymentPostprocessing = 0;
		};
/* End PBXFrameworksBuildPhase section */

/* Begin PBXGroup section */
		0C1DF6512B60DF4500A00508 /* Services */ = {
			isa = PBXGroup;
			children = (
				0C1DF6612B60EAE200A00508 /* PedometerService.swift */,
				0C1DF6542B60DF8800A00508 /* PedometerService_Protocol.swift */,
				0C1DF6562B60DFA600A00508 /* PedometerError.swift */,
				0C1DF65B2B60E06000A00508 /* Pedometer.swift */,
				0C1DF65D2B60E06800A00508 /* PedometerData.swift */,
				0C1DF6762B60F42E00A00508 /* SimulatorPedometer.swift */,
				0C5168C82B6181CD00750068 /* UserDefaults_Protocol.swift */,
			);
			path = Services;
			sourceTree = "<group>";
		};
		0C1DF6582B60DFB400A00508 /* Extensions */ = {
			isa = PBXGroup;
			children = (
				0C1DF6592B60DFCB00A00508 /* String+Extensions.swift */,
				0C1DF65F2B60E09700A00508 /* Date+Extensions.swift */,
				0C1DF6632B60EB9D00A00508 /* CoreMotion+Extensions.swift */,
				0C1DF6902B60F9DF00A00508 /* Text+Extensions.swift */,
				0C5168C62B61681000750068 /* UserDefaults+Extensions.swift */,
			);
			path = Extensions;
			sourceTree = "<group>";
		};
		0C1DF66A2B60EFF300A00508 /* TestDoubles */ = {
			isa = PBXGroup;
			children = (
				0C1DF66F2B60F21B00A00508 /* Fixtures.swift */,
				0C5168CA2B61833600750068 /* MockUserDefaults.swift */,
				0C1DF66B2B60F01F00A00508 /* MockPedometer.swift */,
				0C1DF66D2B60F03800A00508 /* MockPedometerData.swift */,
				0C1DF6A32B60FEF400A00508 /* MockPedometerService.swift */,
			);
			path = TestDoubles;
			sourceTree = "<group>";
		};
		0C1DF67C2B60F7A200A00508 /* Core */ = {
			isa = PBXGroup;
			children = (
				0C1DF67D2B60F7B100A00508 /* Constants.swift */,
				0C1DF6922B60FAFD00A00508 /* StepSummary.swift */,
				0C1DF6A92B61155100A00508 /* GoalStatus.swift */,
				0C5168C32B6167B400750068 /* Utilities */,
				0C1DF67F2B60F7D500A00508 /* Views */,
			);
			path = Core;
			sourceTree = "<group>";
		};
		0C1DF67F2B60F7D500A00508 /* Views */ = {
			isa = PBXGroup;
			children = (
				0C1DF6802B60F7EF00A00508 /* BrandVerticalDivider.swift */,
				0C1DF6A52B61075300A00508 /* BrandLogo.swift */,
				0C5168C12B61652800750068 /* BrandButton.swift */,
			);
			path = Views;
			sourceTree = "<group>";
		};
		0C1DF6842B60F95400A00508 /* Home */ = {
			isa = PBXGroup;
			children = (
				0C1DF6852B60F98300A00508 /* HomeScreen.swift */,
				0C1DF6872B60F98C00A00508 /* HomeScreenViewModel.swift */,
				0C1DF68B2B60F99700A00508 /* Views */,
			);
			path = Home;
			sourceTree = "<group>";
		};
		0C1DF68B2B60F99700A00508 /* Views */ = {
			isa = PBXGroup;
			children = (
				0C1DF68C2B60F9AD00A00508 /* StepsListItemView.swift */,
				0C1DF6A72B6107F600A00508 /* ErrorView.swift */,
				0C1DF68E2B60F9B500A00508 /* ArcProgressView.swift */,
			);
			path = Views;
			sourceTree = "<group>";
		};
		0C1DF6942B60FC1300A00508 /* StepsDetail */ = {
			isa = PBXGroup;
			children = (
				0C1DF6952B60FC2F00A00508 /* StepsDetailScreen.swift */,
				0C1DF6982B60FC4900A00508 /* Enums */,
				0C1DF6972B60FC3500A00508 /* Views */,
			);
			path = StepsDetail;
			sourceTree = "<group>";
		};
		0C1DF6972B60FC3500A00508 /* Views */ = {
			isa = PBXGroup;
			children = (
				0C1DF69B2B60FC6A00A00508 /* MetricView.swift */,
			);
			path = Views;
			sourceTree = "<group>";
		};
		0C1DF6982B60FC4900A00508 /* Enums */ = {
			isa = PBXGroup;
			children = (
				0C1DF6992B60FC5400A00508 /* MetricStyle.swift */,
			);
			path = Enums;
			sourceTree = "<group>";
		};
		0C5168BE2B61624F00750068 /* ChangeGoal */ = {
			isa = PBXGroup;
			children = (
				0C5168BF2B61626400750068 /* ChangeGoalSheet.swift */,
			);
			path = ChangeGoal;
			sourceTree = "<group>";
		};
		0C5168C32B6167B400750068 /* Utilities */ = {
			isa = PBXGroup;
			children = (
				0C1DF69D2B60FD1500A00508 /* MainThreadHelper.swift */,
				0C5168C42B6167DA00750068 /* UserDefaultWrapper.swift */,
			);
			path = Utilities;
			sourceTree = "<group>";
		};
		0C5168CC2B6198F500750068 /* Launch */ = {
			isa = PBXGroup;
			children = (
				0C5168CD2B61991100750068 /* LaunchScreen.swift */,
			);
			path = Launch;
			sourceTree = "<group>";
		};
		0C7C7C3B2B60DAA900444DD0 = {
			isa = PBXGroup;
			children = (
				0C5168D12B61B7FC00750068 /* MyStepsPal.xctestplan */,
				0C7C7C462B60DAA900444DD0 /* MyStepsPal */,
				0C7C7C572B60DAAA00444DD0 /* MyStepsPalTests */,
				0C7C7C452B60DAA900444DD0 /* Products */,
			);
			indentWidth = 3;
			sourceTree = "<group>";
			tabWidth = 3;
		};
		0C7C7C452B60DAA900444DD0 /* Products */ = {
			isa = PBXGroup;
			children = (
				0C7C7C442B60DAA900444DD0 /* MyStepsPal.app */,
				0C7C7C542B60DAAA00444DD0 /* MyStepsPalTests.xctest */,
			);
			name = Products;
			sourceTree = "<group>";
		};
		0C7C7C462B60DAA900444DD0 /* MyStepsPal */ = {
			isa = PBXGroup;
			children = (
				0C5168CF2B61B39A00750068 /* README.md */,
				0C7C7C472B60DAA900444DD0 /* MyStepsPalApp.swift */,
				0C1DF67C2B60F7A200A00508 /* Core */,
				0C1DF6582B60DFB400A00508 /* Extensions */,
				0C1DF6512B60DF4500A00508 /* Services */,
				0C5168CC2B6198F500750068 /* Launch */,
				0C1DF6842B60F95400A00508 /* Home */,
				0C1DF6942B60FC1300A00508 /* StepsDetail */,
				0C5168BE2B61624F00750068 /* ChangeGoal */,
				0C7C7C4B2B60DAAA00444DD0 /* Assets.xcassets */,
				0C1DF6822B60F8DB00A00508 /* ColorAssets.xcassets */,
				0C7C7C4D2B60DAAA00444DD0 /* Preview Content */,
			);
			path = MyStepsPal;
			sourceTree = "<group>";
		};
		0C7C7C4D2B60DAAA00444DD0 /* Preview Content */ = {
			isa = PBXGroup;
			children = (
				0C7C7C4E2B60DAAA00444DD0 /* Preview Assets.xcassets */,
			);
			path = "Preview Content";
			sourceTree = "<group>";
		};
		0C7C7C572B60DAAA00444DD0 /* MyStepsPalTests */ = {
			isa = PBXGroup;
			children = (
				0C1DF69F2B60FE0F00A00508 /* StepSummaryTests.swift */,
				0C1DF67A2B60F69C00A00508 /* Date+ExtensionsTests.swift */,
				0C1DF6682B60EF5700A00508 /* PedometerServiceTests.swift */,
				0C1DF6A12B60FE8100A00508 /* HomeScreenViewModelTests.swift */,
				0C1DF6782B60F60100A00508 /* SimulatorPedometerTests.swift */,
				0C1DF66A2B60EFF300A00508 /* TestDoubles */,
			);
			path = MyStepsPalTests;
			sourceTree = "<group>";
		};
/* End PBXGroup section */

/* Begin PBXNativeTarget section */
		0C7C7C432B60DAA900444DD0 /* MyStepsPal */ = {
			isa = PBXNativeTarget;
			buildConfigurationList = 0C7C7C682B60DAAA00444DD0 /* Build configuration list for PBXNativeTarget "MyStepsPal" */;
			buildPhases = (
				0C7C7C402B60DAA900444DD0 /* Sources */,
				0C7C7C412B60DAA900444DD0 /* Frameworks */,
				0C7C7C422B60DAA900444DD0 /* Resources */,
			);
			buildRules = (
			);
			dependencies = (
			);
			name = MyStepsPal;
			productName = MyStepsPal;
			productReference = 0C7C7C442B60DAA900444DD0 /* MyStepsPal.app */;
			productType = "com.apple.product-type.application";
		};
		0C7C7C532B60DAAA00444DD0 /* MyStepsPalTests */ = {
			isa = PBXNativeTarget;
			buildConfigurationList = 0C7C7C6B2B60DAAA00444DD0 /* Build configuration list for PBXNativeTarget "MyStepsPalTests" */;
			buildPhases = (
				0C7C7C502B60DAAA00444DD0 /* Sources */,
				0C7C7C512B60DAAA00444DD0 /* Frameworks */,
				0C7C7C522B60DAAA00444DD0 /* Resources */,
			);
			buildRules = (
			);
			dependencies = (
				0C7C7C562B60DAAA00444DD0 /* PBXTargetDependency */,
			);
			name = MyStepsPalTests;
			productName = MyStepsPalTests;
			productReference = 0C7C7C542B60DAAA00444DD0 /* MyStepsPalTests.xctest */;
			productType = "com.apple.product-type.bundle.unit-test";
		};
/* End PBXNativeTarget section */

/* Begin PBXProject section */
		0C7C7C3C2B60DAA900444DD0 /* Project object */ = {
			isa = PBXProject;
			attributes = {
				BuildIndependentTargetsInParallel = 1;
				LastSwiftUpdateCheck = 1500;
				LastUpgradeCheck = 1500;
				TargetAttributes = {
					0C7C7C432B60DAA900444DD0 = {
						CreatedOnToolsVersion = 15.0;
					};
					0C7C7C532B60DAAA00444DD0 = {
						CreatedOnToolsVersion = 15.0;
						LastSwiftMigration = 1500;
						TestTargetID = 0C7C7C432B60DAA900444DD0;
					};
				};
			};
			buildConfigurationList = 0C7C7C3F2B60DAA900444DD0 /* Build configuration list for PBXProject "MyStepsPal" */;
			compatibilityVersion = "Xcode 14.0";
			developmentRegion = en;
			hasScannedForEncodings = 0;
			knownRegions = (
				en,
				Base,
			);
			mainGroup = 0C7C7C3B2B60DAA900444DD0;
			productRefGroup = 0C7C7C452B60DAA900444DD0 /* Products */;
			projectDirPath = "";
			projectRoot = "";
			targets = (
				0C7C7C432B60DAA900444DD0 /* MyStepsPal */,
				0C7C7C532B60DAAA00444DD0 /* MyStepsPalTests */,
			);
		};
/* End PBXProject section */

/* Begin PBXResourcesBuildPhase section */
		0C7C7C422B60DAA900444DD0 /* Resources */ = {
			isa = PBXResourcesBuildPhase;
			buildActionMask = 2147483647;
			files = (
				0C7C7C4F2B60DAAA00444DD0 /* Preview Assets.xcassets in Resources */,
				0C1DF6832B60F8DB00A00508 /* ColorAssets.xcassets in Resources */,
				0C5168D02B61B39A00750068 /* README.md in Resources */,
				0C7C7C4C2B60DAAA00444DD0 /* Assets.xcassets in Resources */,
			);
			runOnlyForDeploymentPostprocessing = 0;
		};
		0C7C7C522B60DAAA00444DD0 /* Resources */ = {
			isa = PBXResourcesBuildPhase;
			buildActionMask = 2147483647;
			files = (
			);
			runOnlyForDeploymentPostprocessing = 0;
		};
/* End PBXResourcesBuildPhase section */

/* Begin PBXSourcesBuildPhase section */
		0C7C7C402B60DAA900444DD0 /* Sources */ = {
			isa = PBXSourcesBuildPhase;
			buildActionMask = 2147483647;
			files = (
				0C5168C02B61626400750068 /* ChangeGoalSheet.swift in Sources */,
				0C1DF6AA2B61155100A00508 /* GoalStatus.swift in Sources */,
				0C1DF68F2B60F9B500A00508 /* ArcProgressView.swift in Sources */,
				0C1DF69C2B60FC6A00A00508 /* MetricView.swift in Sources */,
				0C1DF6622B60EAE200A00508 /* PedometerService.swift in Sources */,
				0C1DF6642B60EB9D00A00508 /* CoreMotion+Extensions.swift in Sources */,
				0C1DF69E2B60FD1500A00508 /* MainThreadHelper.swift in Sources */,
				0C1DF6862B60F98300A00508 /* HomeScreen.swift in Sources */,
				0C1DF69A2B60FC5400A00508 /* MetricStyle.swift in Sources */,
				0C1DF6A82B6107F600A00508 /* ErrorView.swift in Sources */,
				0C1DF6962B60FC2F00A00508 /* StepsDetailScreen.swift in Sources */,
				0C1DF6812B60F7EF00A00508 /* BrandVerticalDivider.swift in Sources */,
				0C1DF6882B60F98C00A00508 /* HomeScreenViewModel.swift in Sources */,
				0C1DF6A62B61075300A00508 /* BrandLogo.swift in Sources */,
				0C5168C92B6181CD00750068 /* UserDefaults_Protocol.swift in Sources */,
				0C1DF6572B60DFA600A00508 /* PedometerError.swift in Sources */,
				0C1DF68D2B60F9AD00A00508 /* StepsListItemView.swift in Sources */,
				0C5168C72B61681000750068 /* UserDefaults+Extensions.swift in Sources */,
				0C1DF6932B60FAFD00A00508 /* StepSummary.swift in Sources */,
				0C5168CE2B61991100750068 /* LaunchScreen.swift in Sources */,
				0C1DF6602B60E09700A00508 /* Date+Extensions.swift in Sources */,
				0C7C7C482B60DAA900444DD0 /* MyStepsPalApp.swift in Sources */,
				0C1DF65C2B60E06000A00508 /* Pedometer.swift in Sources */,
				0C1DF65E2B60E06800A00508 /* PedometerData.swift in Sources */,
				0C1DF65A2B60DFCB00A00508 /* String+Extensions.swift in Sources */,
				0C1DF6772B60F42E00A00508 /* SimulatorPedometer.swift in Sources */,
				0C1DF6552B60DF8800A00508 /* PedometerService_Protocol.swift in Sources */,
				0C5168C52B6167DA00750068 /* UserDefaultWrapper.swift in Sources */,
				0C5168C22B61652800750068 /* BrandButton.swift in Sources */,
				0C1DF6912B60F9DF00A00508 /* Text+Extensions.swift in Sources */,
				0C1DF67E2B60F7B100A00508 /* Constants.swift in Sources */,
			);
			runOnlyForDeploymentPostprocessing = 0;
		};
		0C7C7C502B60DAAA00444DD0 /* Sources */ = {
			isa = PBXSourcesBuildPhase;
			buildActionMask = 2147483647;
			files = (
				0C1DF66E2B60F03800A00508 /* MockPedometerData.swift in Sources */,
				0C1DF6A22B60FE8100A00508 /* HomeScreenViewModelTests.swift in Sources */,
				0C1DF6692B60EF5700A00508 /* PedometerServiceTests.swift in Sources */,
				0C1DF6A42B60FEF400A00508 /* MockPedometerService.swift in Sources */,
				0C1DF66C2B60F01F00A00508 /* MockPedometer.swift in Sources */,
				0C1DF67B2B60F69C00A00508 /* Date+ExtensionsTests.swift in Sources */,
				0C5168CB2B61833600750068 /* MockUserDefaults.swift in Sources */,
				0C1DF6702B60F21B00A00508 /* Fixtures.swift in Sources */,
				0C1DF6792B60F60100A00508 /* SimulatorPedometerTests.swift in Sources */,
				0C1DF6A02B60FE0F00A00508 /* StepSummaryTests.swift in Sources */,
			);
			runOnlyForDeploymentPostprocessing = 0;
		};
/* End PBXSourcesBuildPhase section */

/* Begin PBXTargetDependency section */
		0C7C7C562B60DAAA00444DD0 /* PBXTargetDependency */ = {
			isa = PBXTargetDependency;
			target = 0C7C7C432B60DAA900444DD0 /* MyStepsPal */;
			targetProxy = 0C7C7C552B60DAAA00444DD0 /* PBXContainerItemProxy */;
		};
/* End PBXTargetDependency section */

/* Begin XCBuildConfiguration section */
		0C7C7C662B60DAAA00444DD0 /* Debug */ = {
			isa = XCBuildConfiguration;
			buildSettings = {
				ALWAYS_SEARCH_USER_PATHS = NO;
				ASSETCATALOG_COMPILER_GENERATE_SWIFT_ASSET_SYMBOL_EXTENSIONS = YES;
				CLANG_ANALYZER_NONNULL = YES;
				CLANG_ANALYZER_NUMBER_OBJECT_CONVERSION = YES_AGGRESSIVE;
				CLANG_CXX_LANGUAGE_STANDARD = "gnu++20";
				CLANG_ENABLE_MODULES = YES;
				CLANG_ENABLE_OBJC_ARC = YES;
				CLANG_ENABLE_OBJC_WEAK = YES;
				CLANG_WARN_BLOCK_CAPTURE_AUTORELEASING = YES;
				CLANG_WARN_BOOL_CONVERSION = YES;
				CLANG_WARN_COMMA = YES;
				CLANG_WARN_CONSTANT_CONVERSION = YES;
				CLANG_WARN_DEPRECATED_OBJC_IMPLEMENTATIONS = YES;
				CLANG_WARN_DIRECT_OBJC_ISA_USAGE = YES_ERROR;
				CLANG_WARN_DOCUMENTATION_COMMENTS = YES;
				CLANG_WARN_EMPTY_BODY = YES;
				CLANG_WARN_ENUM_CONVERSION = YES;
				CLANG_WARN_INFINITE_RECURSION = YES;
				CLANG_WARN_INT_CONVERSION = YES;
				CLANG_WARN_NON_LITERAL_NULL_CONVERSION = YES;
				CLANG_WARN_OBJC_IMPLICIT_RETAIN_SELF = YES;
				CLANG_WARN_OBJC_LITERAL_CONVERSION = YES;
				CLANG_WARN_OBJC_ROOT_CLASS = YES_ERROR;
				CLANG_WARN_QUOTED_INCLUDE_IN_FRAMEWORK_HEADER = YES;
				CLANG_WARN_RANGE_LOOP_ANALYSIS = YES;
				CLANG_WARN_STRICT_PROTOTYPES = YES;
				CLANG_WARN_SUSPICIOUS_MOVE = YES;
				CLANG_WARN_UNGUARDED_AVAILABILITY = YES_AGGRESSIVE;
				CLANG_WARN_UNREACHABLE_CODE = YES;
				CLANG_WARN__DUPLICATE_METHOD_MATCH = YES;
				COPY_PHASE_STRIP = NO;
				DEBUG_INFORMATION_FORMAT = dwarf;
				ENABLE_STRICT_OBJC_MSGSEND = YES;
				ENABLE_TESTABILITY = YES;
				ENABLE_USER_SCRIPT_SANDBOXING = YES;
				GCC_C_LANGUAGE_STANDARD = gnu17;
				GCC_DYNAMIC_NO_PIC = NO;
				GCC_NO_COMMON_BLOCKS = YES;
				GCC_OPTIMIZATION_LEVEL = 0;
				GCC_PREPROCESSOR_DEFINITIONS = (
					"DEBUG=1",
					"$(inherited)",
				);
				GCC_WARN_64_TO_32_BIT_CONVERSION = YES;
				GCC_WARN_ABOUT_RETURN_TYPE = YES_ERROR;
				GCC_WARN_UNDECLARED_SELECTOR = YES;
				GCC_WARN_UNINITIALIZED_AUTOS = YES_AGGRESSIVE;
				GCC_WARN_UNUSED_FUNCTION = YES;
				GCC_WARN_UNUSED_VARIABLE = YES;
				IPHONEOS_DEPLOYMENT_TARGET = 17.0;
				LOCALIZATION_PREFERS_STRING_CATALOGS = YES;
				MTL_ENABLE_DEBUG_INFO = INCLUDE_SOURCE;
				MTL_FAST_MATH = YES;
				ONLY_ACTIVE_ARCH = YES;
				SDKROOT = iphoneos;
				SWIFT_ACTIVE_COMPILATION_CONDITIONS = "DEBUG $(inherited)";
				SWIFT_OPTIMIZATION_LEVEL = "-Onone";
			};
			name = Debug;
		};
		0C7C7C672B60DAAA00444DD0 /* Release */ = {
			isa = XCBuildConfiguration;
			buildSettings = {
				ALWAYS_SEARCH_USER_PATHS = NO;
				ASSETCATALOG_COMPILER_GENERATE_SWIFT_ASSET_SYMBOL_EXTENSIONS = YES;
				CLANG_ANALYZER_NONNULL = YES;
				CLANG_ANALYZER_NUMBER_OBJECT_CONVERSION = YES_AGGRESSIVE;
				CLANG_CXX_LANGUAGE_STANDARD = "gnu++20";
				CLANG_ENABLE_MODULES = YES;
				CLANG_ENABLE_OBJC_ARC = YES;
				CLANG_ENABLE_OBJC_WEAK = YES;
				CLANG_WARN_BLOCK_CAPTURE_AUTORELEASING = YES;
				CLANG_WARN_BOOL_CONVERSION = YES;
				CLANG_WARN_COMMA = YES;
				CLANG_WARN_CONSTANT_CONVERSION = YES;
				CLANG_WARN_DEPRECATED_OBJC_IMPLEMENTATIONS = YES;
				CLANG_WARN_DIRECT_OBJC_ISA_USAGE = YES_ERROR;
				CLANG_WARN_DOCUMENTATION_COMMENTS = YES;
				CLANG_WARN_EMPTY_BODY = YES;
				CLANG_WARN_ENUM_CONVERSION = YES;
				CLANG_WARN_INFINITE_RECURSION = YES;
				CLANG_WARN_INT_CONVERSION = YES;
				CLANG_WARN_NON_LITERAL_NULL_CONVERSION = YES;
				CLANG_WARN_OBJC_IMPLICIT_RETAIN_SELF = YES;
				CLANG_WARN_OBJC_LITERAL_CONVERSION = YES;
				CLANG_WARN_OBJC_ROOT_CLASS = YES_ERROR;
				CLANG_WARN_QUOTED_INCLUDE_IN_FRAMEWORK_HEADER = YES;
				CLANG_WARN_RANGE_LOOP_ANALYSIS = YES;
				CLANG_WARN_STRICT_PROTOTYPES = YES;
				CLANG_WARN_SUSPICIOUS_MOVE = YES;
				CLANG_WARN_UNGUARDED_AVAILABILITY = YES_AGGRESSIVE;
				CLANG_WARN_UNREACHABLE_CODE = YES;
				CLANG_WARN__DUPLICATE_METHOD_MATCH = YES;
				COPY_PHASE_STRIP = NO;
				DEBUG_INFORMATION_FORMAT = "dwarf-with-dsym";
				ENABLE_NS_ASSERTIONS = NO;
				ENABLE_STRICT_OBJC_MSGSEND = YES;
				ENABLE_USER_SCRIPT_SANDBOXING = YES;
				GCC_C_LANGUAGE_STANDARD = gnu17;
				GCC_NO_COMMON_BLOCKS = YES;
				GCC_WARN_64_TO_32_BIT_CONVERSION = YES;
				GCC_WARN_ABOUT_RETURN_TYPE = YES_ERROR;
				GCC_WARN_UNDECLARED_SELECTOR = YES;
				GCC_WARN_UNINITIALIZED_AUTOS = YES_AGGRESSIVE;
				GCC_WARN_UNUSED_FUNCTION = YES;
				GCC_WARN_UNUSED_VARIABLE = YES;
				IPHONEOS_DEPLOYMENT_TARGET = 17.0;
				LOCALIZATION_PREFERS_STRING_CATALOGS = YES;
				MTL_ENABLE_DEBUG_INFO = NO;
				MTL_FAST_MATH = YES;
				SDKROOT = iphoneos;
				SWIFT_COMPILATION_MODE = wholemodule;
				VALIDATE_PRODUCT = YES;
			};
			name = Release;
		};
		0C7C7C692B60DAAA00444DD0 /* Debug */ = {
			isa = XCBuildConfiguration;
			buildSettings = {
				ASSETCATALOG_COMPILER_APPICON_NAME = AppIcon;
				ASSETCATALOG_COMPILER_GLOBAL_ACCENT_COLOR_NAME = AccentColor;
				CODE_SIGN_STYLE = Automatic;
				CURRENT_PROJECT_VERSION = 1;
				DEVELOPMENT_ASSET_PATHS = "\"MyStepsPal/Preview Content\"";
				DEVELOPMENT_TEAM = 5VXJUNYC2Z;
				ENABLE_PREVIEWS = YES;
				GENERATE_INFOPLIST_FILE = YES;
				INFOPLIST_KEY_NSMotionUsageDescription = "MyStepsPal uses your device's motion data to show you how close you are to your daily step goal.";
				INFOPLIST_KEY_UIApplicationSceneManifest_Generation = YES;
				INFOPLIST_KEY_UIApplicationSupportsIndirectInputEvents = YES;
				INFOPLIST_KEY_UILaunchScreen_Generation = YES;
				INFOPLIST_KEY_UISupportedInterfaceOrientations_iPad = "UIInterfaceOrientationPortrait UIInterfaceOrientationPortraitUpsideDown UIInterfaceOrientationLandscapeLeft UIInterfaceOrientationLandscapeRight";
				INFOPLIST_KEY_UISupportedInterfaceOrientations_iPhone = "UIInterfaceOrientationPortrait UIInterfaceOrientationLandscapeLeft UIInterfaceOrientationLandscapeRight";
				LD_RUNPATH_SEARCH_PATHS = (
					"$(inherited)",
					"@executable_path/Frameworks",
				);
				MARKETING_VERSION = 1.0;
				PRODUCT_BUNDLE_IDENTIFIER = com.marcusmarshalljr.MyStepsPal;
				PRODUCT_NAME = "$(TARGET_NAME)";
				SWIFT_EMIT_LOC_STRINGS = YES;
				SWIFT_VERSION = 5.0;
				TARGETED_DEVICE_FAMILY = "1,2";
			};
			name = Debug;
		};
		0C7C7C6A2B60DAAA00444DD0 /* Release */ = {
			isa = XCBuildConfiguration;
			buildSettings = {
				ASSETCATALOG_COMPILER_APPICON_NAME = AppIcon;
				ASSETCATALOG_COMPILER_GLOBAL_ACCENT_COLOR_NAME = AccentColor;
				CODE_SIGN_STYLE = Automatic;
				CURRENT_PROJECT_VERSION = 1;
				DEVELOPMENT_ASSET_PATHS = "\"MyStepsPal/Preview Content\"";
				DEVELOPMENT_TEAM = 5VXJUNYC2Z;
				ENABLE_PREVIEWS = YES;
				GENERATE_INFOPLIST_FILE = YES;
				INFOPLIST_KEY_NSMotionUsageDescription = "MyStepsPal uses your device's motion data to show you how close you are to your daily step goal.";
				INFOPLIST_KEY_UIApplicationSceneManifest_Generation = YES;
				INFOPLIST_KEY_UIApplicationSupportsIndirectInputEvents = YES;
				INFOPLIST_KEY_UILaunchScreen_Generation = YES;
				INFOPLIST_KEY_UISupportedInterfaceOrientations_iPad = "UIInterfaceOrientationPortrait UIInterfaceOrientationPortraitUpsideDown UIInterfaceOrientationLandscapeLeft UIInterfaceOrientationLandscapeRight";
				INFOPLIST_KEY_UISupportedInterfaceOrientations_iPhone = "UIInterfaceOrientationPortrait UIInterfaceOrientationLandscapeLeft UIInterfaceOrientationLandscapeRight";
				LD_RUNPATH_SEARCH_PATHS = (
					"$(inherited)",
					"@executable_path/Frameworks",
				);
				MARKETING_VERSION = 1.0;
				PRODUCT_BUNDLE_IDENTIFIER = com.marcusmarshalljr.MyStepsPal;
				PRODUCT_NAME = "$(TARGET_NAME)";
				SWIFT_EMIT_LOC_STRINGS = YES;
				SWIFT_VERSION = 5.0;
				TARGETED_DEVICE_FAMILY = "1,2";
			};
			name = Release;
		};
		0C7C7C6C2B60DAAA00444DD0 /* Debug */ = {
			isa = XCBuildConfiguration;
			buildSettings = {
				ALWAYS_EMBED_SWIFT_STANDARD_LIBRARIES = YES;
				BUNDLE_LOADER = "$(TEST_HOST)";
				CLANG_ENABLE_MODULES = YES;
				CODE_SIGN_STYLE = Automatic;
				CURRENT_PROJECT_VERSION = 1;
				DEVELOPMENT_TEAM = 5VXJUNYC2Z;
				GENERATE_INFOPLIST_FILE = YES;
				IPHONEOS_DEPLOYMENT_TARGET = 17.0;
				MARKETING_VERSION = 1.0;
				PRODUCT_BUNDLE_IDENTIFIER = com.marcusmarshalljr.MyStepsPalTests;
				PRODUCT_NAME = "$(TARGET_NAME)";
				SWIFT_EMIT_LOC_STRINGS = NO;
				SWIFT_OPTIMIZATION_LEVEL = "-Onone";
				SWIFT_VERSION = 5.0;
				TARGETED_DEVICE_FAMILY = "1,2";
				TEST_HOST = "$(BUILT_PRODUCTS_DIR)/MyStepsPal.app/$(BUNDLE_EXECUTABLE_FOLDER_PATH)/MyStepsPal";
			};
			name = Debug;
		};
		0C7C7C6D2B60DAAA00444DD0 /* Release */ = {
			isa = XCBuildConfiguration;
			buildSettings = {
				ALWAYS_EMBED_SWIFT_STANDARD_LIBRARIES = YES;
				BUNDLE_LOADER = "$(TEST_HOST)";
				CLANG_ENABLE_MODULES = YES;
				CODE_SIGN_STYLE = Automatic;
				CURRENT_PROJECT_VERSION = 1;
				DEVELOPMENT_TEAM = 5VXJUNYC2Z;
				GENERATE_INFOPLIST_FILE = YES;
				IPHONEOS_DEPLOYMENT_TARGET = 17.0;
				MARKETING_VERSION = 1.0;
				PRODUCT_BUNDLE_IDENTIFIER = com.marcusmarshalljr.MyStepsPalTests;
				PRODUCT_NAME = "$(TARGET_NAME)";
				SWIFT_EMIT_LOC_STRINGS = NO;
				SWIFT_VERSION = 5.0;
				TARGETED_DEVICE_FAMILY = "1,2";
				TEST_HOST = "$(BUILT_PRODUCTS_DIR)/MyStepsPal.app/$(BUNDLE_EXECUTABLE_FOLDER_PATH)/MyStepsPal";
			};
			name = Release;
		};
/* End XCBuildConfiguration section */

/* Begin XCConfigurationList section */
		0C7C7C3F2B60DAA900444DD0 /* Build configuration list for PBXProject "MyStepsPal" */ = {
			isa = XCConfigurationList;
			buildConfigurations = (
				0C7C7C662B60DAAA00444DD0 /* Debug */,
				0C7C7C672B60DAAA00444DD0 /* Release */,
			);
			defaultConfigurationIsVisible = 0;
			defaultConfigurationName = Release;
		};
		0C7C7C682B60DAAA00444DD0 /* Build configuration list for PBXNativeTarget "MyStepsPal" */ = {
			isa = XCConfigurationList;
			buildConfigurations = (
				0C7C7C692B60DAAA00444DD0 /* Debug */,
				0C7C7C6A2B60DAAA00444DD0 /* Release */,
			);
			defaultConfigurationIsVisible = 0;
			defaultConfigurationName = Release;
		};
		0C7C7C6B2B60DAAA00444DD0 /* Build configuration list for PBXNativeTarget "MyStepsPalTests" */ = {
			isa = XCConfigurationList;
			buildConfigurations = (
				0C7C7C6C2B60DAAA00444DD0 /* Debug */,
				0C7C7C6D2B60DAAA00444DD0 /* Release */,
			);
			defaultConfigurationIsVisible = 0;
			defaultConfigurationName = Release;
		};
/* End XCConfigurationList section */
	};
	rootObject = 0C7C7C3C2B60DAA900444DD0 /* Project object */;
}
