// !$*UTF8*$!
{
	archiveVersion = 1;
	classes = {
	};
	objectVersion = 56;
	objects = {

/* Begin PBXBuildFile section */
		0C1DF6552B60DF8800A00508 /* PedometerService_Protocol.swift in Sources */ = {isa = PBXBuildFile; fileRef = 0C1DF6542B60DF8800A00508 /* PedometerService_Protocol.swift */; };
		0C1DF6572B60DFA600A00508 /* PedometerError.swift in Sources */ = {isa = PBXBuildFile; fileRef = 0C1DF6562B60DFA600A00508 /* PedometerError.swift */; };
		0C1DF65A2B60DFCB00A00508 /* String+Extensions.swift in Sources */ = {isa = PBXBuildFile; fileRef = 0C1DF6592B60DFCB00A00508 /* String+Extensions.swift */; };
		0C1DF65C2B60E06000A00508 /* Pedometer.swift in Sources */ = {isa = PBXBuildFile; fileRef = 0C1DF65B2B60E06000A00508 /* Pedometer.swift */; };
		0C1DF65E2B60E06800A00508 /* PedometerData.swift in Sources */ = {isa = PBXBuildFile; fileRef = 0C1DF65D2B60E06800A00508 /* PedometerData.swift */; };
		0C1DF6602B60E09700A00508 /* Date+Extensions.swift in Sources */ = {isa = PBXBuildFile; fileRef = 0C1DF65F2B60E09700A00508 /* Date+Extensions.swift */; };
		0C1DF6622B60EAE200A00508 /* PedometerService.swift in Sources */ = {isa = PBXBuildFile; fileRef = 0C1DF6612B60EAE200A00508 /* PedometerService.swift */; };
		0C1DF6642B60EB9D00A00508 /* CoreMotion+Extensions.swift in Sources */ = {isa = PBXBuildFile; fileRef = 0C1DF6632B60EB9D00A00508 /* CoreMotion+Extensions.swift */; };
		0C1DF6692B60EF5700A00508 /* PedometerServiceTests.swift in Sources */ = {isa = PBXBuildFile; fileRef = 0C1DF6682B60EF5700A00508 /* PedometerServiceTests.swift */; };
		0C1DF66C2B60F01F00A00508 /* MockPedometer.swift in Sources */ = {isa = PBXBuildFile; fileRef = 0C1DF66B2B60F01F00A00508 /* MockPedometer.swift */; };
		0C1DF66E2B60F03800A00508 /* MockPedometerData.swift in Sources */ = {isa = PBXBuildFile; fileRef = 0C1DF66D2B60F03800A00508 /* MockPedometerData.swift */; };
		0C1DF6702B60F21B00A00508 /* Fixtures.swift in Sources */ = {isa = PBXBuildFile; fileRef = 0C1DF66F2B60F21B00A00508 /* Fixtures.swift */; };
		0C1DF6742B60F35900A00508 /* MyStepsPalUITestsLaunchTests.swift in Sources */ = {isa = PBXBuildFile; fileRef = 0C1DF6722B60F35800A00508 /* MyStepsPalUITestsLaunchTests.swift */; };
		0C1DF6752B60F35900A00508 /* MyStepsPalUITests.swift in Sources */ = {isa = PBXBuildFile; fileRef = 0C1DF6732B60F35900A00508 /* MyStepsPalUITests.swift */; };
		0C1DF6772B60F42E00A00508 /* SimulatorPedometer.swift in Sources */ = {isa = PBXBuildFile; fileRef = 0C1DF6762B60F42E00A00508 /* SimulatorPedometer.swift */; };
		0C1DF6792B60F60100A00508 /* SimulatorPedometerTests.swift in Sources */ = {isa = PBXBuildFile; fileRef = 0C1DF6782B60F60100A00508 /* SimulatorPedometerTests.swift */; };
		0C1DF67B2B60F69C00A00508 /* Date+ExtensionsTests.swift in Sources */ = {isa = PBXBuildFile; fileRef = 0C1DF67A2B60F69C00A00508 /* Date+ExtensionsTests.swift */; };
		0C7C7C482B60DAA900444DD0 /* MyStepsPalApp.swift in Sources */ = {isa = PBXBuildFile; fileRef = 0C7C7C472B60DAA900444DD0 /* MyStepsPalApp.swift */; };
		0C7C7C4A2B60DAA900444DD0 /* ContentView.swift in Sources */ = {isa = PBXBuildFile; fileRef = 0C7C7C492B60DAA900444DD0 /* ContentView.swift */; };
		0C7C7C4C2B60DAAA00444DD0 /* Assets.xcassets in Resources */ = {isa = PBXBuildFile; fileRef = 0C7C7C4B2B60DAAA00444DD0 /* Assets.xcassets */; };
		0C7C7C4F2B60DAAA00444DD0 /* Preview Assets.xcassets in Resources */ = {isa = PBXBuildFile; fileRef = 0C7C7C4E2B60DAAA00444DD0 /* Preview Assets.xcassets */; };
/* End PBXBuildFile section */

/* Begin PBXContainerItemProxy section */
		0C7C7C552B60DAAA00444DD0 /* PBXContainerItemProxy */ = {
			isa = PBXContainerItemProxy;
			containerPortal = 0C7C7C3C2B60DAA900444DD0 /* Project object */;
			proxyType = 1;
			remoteGlobalIDString = 0C7C7C432B60DAA900444DD0;
			remoteInfo = MyStepsPal;
		};
		0C7C7C5F2B60DAAA00444DD0 /* PBXContainerItemProxy */ = {
			isa = PBXContainerItemProxy;
			containerPortal = 0C7C7C3C2B60DAA900444DD0 /* Project object */;
			proxyType = 1;
			remoteGlobalIDString = 0C7C7C432B60DAA900444DD0;
			remoteInfo = MyStepsPal;
		};
/* End PBXContainerItemProxy section */

/* Begin PBXFileReference section */
		0C1DF6542B60DF8800A00508 /* PedometerService_Protocol.swift */ = {isa = PBXFileReference; lastKnownFileType = sourcecode.swift; path = PedometerService_Protocol.swift; sourceTree = "<group>"; };
		0C1DF6562B60DFA600A00508 /* PedometerError.swift */ = {isa = PBXFileReference; lastKnownFileType = sourcecode.swift; path = PedometerError.swift; sourceTree = "<group>"; };
		0C1DF6592B60DFCB00A00508 /* String+Extensions.swift */ = {isa = PBXFileReference; lastKnownFileType = sourcecode.swift; path = "String+Extensions.swift"; sourceTree = "<group>"; };
		0C1DF65B2B60E06000A00508 /* Pedometer.swift */ = {isa = PBXFileReference; lastKnownFileType = sourcecode.swift; path = Pedometer.swift; sourceTree = "<group>"; };
		0C1DF65D2B60E06800A00508 /* PedometerData.swift */ = {isa = PBXFileReference; lastKnownFileType = sourcecode.swift; path = PedometerData.swift; sourceTree = "<group>"; };
		0C1DF65F2B60E09700A00508 /* Date+Extensions.swift */ = {isa = PBXFileReference; lastKnownFileType = sourcecode.swift; path = "Date+Extensions.swift"; sourceTree = "<group>"; };
		0C1DF6612B60EAE200A00508 /* PedometerService.swift */ = {isa = PBXFileReference; lastKnownFileType = sourcecode.swift; path = PedometerService.swift; sourceTree = "<group>"; };
		0C1DF6632B60EB9D00A00508 /* CoreMotion+Extensions.swift */ = {isa = PBXFileReference; lastKnownFileType = sourcecode.swift; path = "CoreMotion+Extensions.swift"; sourceTree = "<group>"; };
		0C1DF6682B60EF5700A00508 /* PedometerServiceTests.swift */ = {isa = PBXFileReference; lastKnownFileType = sourcecode.swift; path = PedometerServiceTests.swift; sourceTree = "<group>"; };
		0C1DF66B2B60F01F00A00508 /* MockPedometer.swift */ = {isa = PBXFileReference; lastKnownFileType = sourcecode.swift; path = MockPedometer.swift; sourceTree = "<group>"; };
		0C1DF66D2B60F03800A00508 /* MockPedometerData.swift */ = {isa = PBXFileReference; lastKnownFileType = sourcecode.swift; path = MockPedometerData.swift; sourceTree = "<group>"; };
		0C1DF66F2B60F21B00A00508 /* Fixtures.swift */ = {isa = PBXFileReference; lastKnownFileType = sourcecode.swift; path = Fixtures.swift; sourceTree = "<group>"; };
		0C1DF6712B60F35800A00508 /* MyStepsPalUITests-Bridging-Header.h */ = {isa = PBXFileReference; lastKnownFileType = sourcecode.c.h; path = "MyStepsPalUITests-Bridging-Header.h"; sourceTree = "<group>"; };
		0C1DF6722B60F35800A00508 /* MyStepsPalUITestsLaunchTests.swift */ = {isa = PBXFileReference; fileEncoding = 4; lastKnownFileType = sourcecode.swift; path = MyStepsPalUITestsLaunchTests.swift; sourceTree = "<group>"; };
		0C1DF6732B60F35900A00508 /* MyStepsPalUITests.swift */ = {isa = PBXFileReference; fileEncoding = 4; lastKnownFileType = sourcecode.swift; path = MyStepsPalUITests.swift; sourceTree = "<group>"; };
		0C1DF6762B60F42E00A00508 /* SimulatorPedometer.swift */ = {isa = PBXFileReference; lastKnownFileType = sourcecode.swift; path = SimulatorPedometer.swift; sourceTree = "<group>"; };
		0C1DF6782B60F60100A00508 /* SimulatorPedometerTests.swift */ = {isa = PBXFileReference; lastKnownFileType = sourcecode.swift; path = SimulatorPedometerTests.swift; sourceTree = "<group>"; };
		0C1DF67A2B60F69C00A00508 /* Date+ExtensionsTests.swift */ = {isa = PBXFileReference; lastKnownFileType = sourcecode.swift; path = "Date+ExtensionsTests.swift"; sourceTree = "<group>"; };
		0C7C7C442B60DAA900444DD0 /* MyStepsPal.app */ = {isa = PBXFileReference; explicitFileType = wrapper.application; includeInIndex = 0; path = MyStepsPal.app; sourceTree = BUILT_PRODUCTS_DIR; };
		0C7C7C472B60DAA900444DD0 /* MyStepsPalApp.swift */ = {isa = PBXFileReference; lastKnownFileType = sourcecode.swift; path = MyStepsPalApp.swift; sourceTree = "<group>"; };
		0C7C7C492B60DAA900444DD0 /* ContentView.swift */ = {isa = PBXFileReference; lastKnownFileType = sourcecode.swift; path = ContentView.swift; sourceTree = "<group>"; };
		0C7C7C4B2B60DAAA00444DD0 /* Assets.xcassets */ = {isa = PBXFileReference; lastKnownFileType = folder.assetcatalog; path = Assets.xcassets; sourceTree = "<group>"; };
		0C7C7C4E2B60DAAA00444DD0 /* Preview Assets.xcassets */ = {isa = PBXFileReference; lastKnownFileType = folder.assetcatalog; path = "Preview Assets.xcassets"; sourceTree = "<group>"; };
		0C7C7C542B60DAAA00444DD0 /* MyStepsPalTests.xctest */ = {isa = PBXFileReference; explicitFileType = wrapper.cfbundle; includeInIndex = 0; path = MyStepsPalTests.xctest; sourceTree = BUILT_PRODUCTS_DIR; };
		0C7C7C5E2B60DAAA00444DD0 /* MyStepsPalUITests.xctest */ = {isa = PBXFileReference; explicitFileType = wrapper.cfbundle; includeInIndex = 0; path = MyStepsPalUITests.xctest; sourceTree = BUILT_PRODUCTS_DIR; };
/* End PBXFileReference section */

/* Begin PBXFrameworksBuildPhase section */
		0C7C7C412B60DAA900444DD0 /* Frameworks */ = {
			isa = PBXFrameworksBuildPhase;
			buildActionMask = 2147483647;
			files = (
			);
			runOnlyForDeploymentPostprocessing = 0;
		};
		0C7C7C512B60DAAA00444DD0 /* Frameworks */ = {
			isa = PBXFrameworksBuildPhase;
			buildActionMask = 2147483647;
			files = (
			);
			runOnlyForDeploymentPostprocessing = 0;
		};
		0C7C7C5B2B60DAAA00444DD0 /* Frameworks */ = {
			isa = PBXFrameworksBuildPhase;
			buildActionMask = 2147483647;
			files = (
			);
			runOnlyForDeploymentPostprocessing = 0;
		};
/* End PBXFrameworksBuildPhase section */

/* Begin PBXGroup section */
		0C1DF6512B60DF4500A00508 /* Services */ = {
			isa = PBXGroup;
			children = (
				0C1DF6612B60EAE200A00508 /* PedometerService.swift */,
				0C1DF6542B60DF8800A00508 /* PedometerService_Protocol.swift */,
				0C1DF6562B60DFA600A00508 /* PedometerError.swift */,
				0C1DF65B2B60E06000A00508 /* Pedometer.swift */,
				0C1DF65D2B60E06800A00508 /* PedometerData.swift */,
				0C1DF6762B60F42E00A00508 /* SimulatorPedometer.swift */,
			);
			path = Services;
			sourceTree = "<group>";
		};
		0C1DF6582B60DFB400A00508 /* Extensions */ = {
			isa = PBXGroup;
			children = (
				0C1DF6592B60DFCB00A00508 /* String+Extensions.swift */,
				0C1DF65F2B60E09700A00508 /* Date+Extensions.swift */,
				0C1DF6632B60EB9D00A00508 /* CoreMotion+Extensions.swift */,
			);
			path = Extensions;
			sourceTree = "<group>";
		};
		0C1DF66A2B60EFF300A00508 /* TestDoubles */ = {
			isa = PBXGroup;
			children = (
				0C1DF66B2B60F01F00A00508 /* MockPedometer.swift */,
				0C1DF66F2B60F21B00A00508 /* Fixtures.swift */,
				0C1DF66D2B60F03800A00508 /* MockPedometerData.swift */,
			);
			path = TestDoubles;
			sourceTree = "<group>";
		};
		0C7C7C3B2B60DAA900444DD0 = {
			isa = PBXGroup;
			children = (
				0C7C7C462B60DAA900444DD0 /* MyStepsPal */,
				0C7C7C572B60DAAA00444DD0 /* MyStepsPalTests */,
				0C7C7C612B60DAAA00444DD0 /* MyStepsPalUITests */,
				0C7C7C452B60DAA900444DD0 /* Products */,
			);
			indentWidth = 4;
			sourceTree = "<group>";
			tabWidth = 4;
		};
		0C7C7C452B60DAA900444DD0 /* Products */ = {
			isa = PBXGroup;
			children = (
				0C7C7C442B60DAA900444DD0 /* MyStepsPal.app */,
				0C7C7C542B60DAAA00444DD0 /* MyStepsPalTests.xctest */,
				0C7C7C5E2B60DAAA00444DD0 /* MyStepsPalUITests.xctest */,
			);
			name = Products;
			sourceTree = "<group>";
		};
		0C7C7C462B60DAA900444DD0 /* MyStepsPal */ = {
			isa = PBXGroup;
			children = (
				0C7C7C472B60DAA900444DD0 /* MyStepsPalApp.swift */,
				0C1DF6582B60DFB400A00508 /* Extensions */,
				0C1DF6512B60DF4500A00508 /* Services */,
				0C7C7C492B60DAA900444DD0 /* ContentView.swift */,
				0C7C7C4B2B60DAAA00444DD0 /* Assets.xcassets */,
				0C7C7C4D2B60DAAA00444DD0 /* Preview Content */,
			);
			path = MyStepsPal;
			sourceTree = "<group>";
		};
		0C7C7C4D2B60DAAA00444DD0 /* Preview Content */ = {
			isa = PBXGroup;
			children = (
				0C7C7C4E2B60DAAA00444DD0 /* Preview Assets.xcassets */,
			);
			path = "Preview Content";
			sourceTree = "<group>";
		};
		0C7C7C572B60DAAA00444DD0 /* MyStepsPalTests */ = {
			isa = PBXGroup;
			children = (
				0C1DF67A2B60F69C00A00508 /* Date+ExtensionsTests.swift */,
				0C1DF6682B60EF5700A00508 /* PedometerServiceTests.swift */,
				0C1DF6782B60F60100A00508 /* SimulatorPedometerTests.swift */,
				0C1DF66A2B60EFF300A00508 /* TestDoubles */,
			);
			path = MyStepsPalTests;
			sourceTree = "<group>";
		};
		0C7C7C612B60DAAA00444DD0 /* MyStepsPalUITests */ = {
			isa = PBXGroup;
			children = (
				0C1DF6732B60F35900A00508 /* MyStepsPalUITests.swift */,
				0C1DF6722B60F35800A00508 /* MyStepsPalUITestsLaunchTests.swift */,
				0C1DF6712B60F35800A00508 /* MyStepsPalUITests-Bridging-Header.h */,
			);
			path = MyStepsPalUITests;
			sourceTree = "<group>";
		};
/* End PBXGroup section */

/* Begin PBXNativeTarget section */
		0C7C7C432B60DAA900444DD0 /* MyStepsPal */ = {
			isa = PBXNativeTarget;
			buildConfigurationList = 0C7C7C682B60DAAA00444DD0 /* Build configuration list for PBXNativeTarget "MyStepsPal" */;
			buildPhases = (
				0C7C7C402B60DAA900444DD0 /* Sources */,
				0C7C7C412B60DAA900444DD0 /* Frameworks */,
				0C7C7C422B60DAA900444DD0 /* Resources */,
			);
			buildRules = (
			);
			dependencies = (
			);
			name = MyStepsPal;
			productName = MyStepsPal;
			productReference = 0C7C7C442B60DAA900444DD0 /* MyStepsPal.app */;
			productType = "com.apple.product-type.application";
		};
		0C7C7C532B60DAAA00444DD0 /* MyStepsPalTests */ = {
			isa = PBXNativeTarget;
			buildConfigurationList = 0C7C7C6B2B60DAAA00444DD0 /* Build configuration list for PBXNativeTarget "MyStepsPalTests" */;
			buildPhases = (
				0C7C7C502B60DAAA00444DD0 /* Sources */,
				0C7C7C512B60DAAA00444DD0 /* Frameworks */,
				0C7C7C522B60DAAA00444DD0 /* Resources */,
			);
			buildRules = (
			);
			dependencies = (
				0C7C7C562B60DAAA00444DD0 /* PBXTargetDependency */,
			);
			name = MyStepsPalTests;
			productName = MyStepsPalTests;
			productReference = 0C7C7C542B60DAAA00444DD0 /* MyStepsPalTests.xctest */;
			productType = "com.apple.product-type.bundle.unit-test";
		};
		0C7C7C5D2B60DAAA00444DD0 /* MyStepsPalUITests */ = {
			isa = PBXNativeTarget;
			buildConfigurationList = 0C7C7C6E2B60DAAA00444DD0 /* Build configuration list for PBXNativeTarget "MyStepsPalUITests" */;
			buildPhases = (
				0C7C7C5A2B60DAAA00444DD0 /* Sources */,
				0C7C7C5B2B60DAAA00444DD0 /* Frameworks */,
				0C7C7C5C2B60DAAA00444DD0 /* Resources */,
			);
			buildRules = (
			);
			dependencies = (
				0C7C7C602B60DAAA00444DD0 /* PBXTargetDependency */,
			);
			name = MyStepsPalUITests;
			productName = MyStepsPalUITests;
			productReference = 0C7C7C5E2B60DAAA00444DD0 /* MyStepsPalUITests.xctest */;
			productType = "com.apple.product-type.bundle.ui-testing";
		};
/* End PBXNativeTarget section */

/* Begin PBXProject section */
		0C7C7C3C2B60DAA900444DD0 /* Project object */ = {
			isa = PBXProject;
			attributes = {
				BuildIndependentTargetsInParallel = 1;
				LastSwiftUpdateCheck = 1500;
				LastUpgradeCheck = 1500;
				TargetAttributes = {
					0C7C7C432B60DAA900444DD0 = {
						CreatedOnToolsVersion = 15.0;
					};
					0C7C7C532B60DAAA00444DD0 = {
						CreatedOnToolsVersion = 15.0;
						LastSwiftMigration = 1500;
						TestTargetID = 0C7C7C432B60DAA900444DD0;
					};
					0C7C7C5D2B60DAAA00444DD0 = {
						CreatedOnToolsVersion = 15.0;
						LastSwiftMigration = 1500;
						TestTargetID = 0C7C7C432B60DAA900444DD0;
					};
				};
			};
			buildConfigurationList = 0C7C7C3F2B60DAA900444DD0 /* Build configuration list for PBXProject "MyStepsPal" */;
			compatibilityVersion = "Xcode 14.0";
			developmentRegion = en;
			hasScannedForEncodings = 0;
			knownRegions = (
				en,
				Base,
			);
			mainGroup = 0C7C7C3B2B60DAA900444DD0;
			productRefGroup = 0C7C7C452B60DAA900444DD0 /* Products */;
			projectDirPath = "";
			projectRoot = "";
			targets = (
				0C7C7C432B60DAA900444DD0 /* MyStepsPal */,
				0C7C7C532B60DAAA00444DD0 /* MyStepsPalTests */,
				0C7C7C5D2B60DAAA00444DD0 /* MyStepsPalUITests */,
			);
		};
/* End PBXProject section */

/* Begin PBXResourcesBuildPhase section */
		0C7C7C422B60DAA900444DD0 /* Resources */ = {
			isa = PBXResourcesBuildPhase;
			buildActionMask = 2147483647;
			files = (
				0C7C7C4F2B60DAAA00444DD0 /* Preview Assets.xcassets in Resources */,
				0C7C7C4C2B60DAAA00444DD0 /* Assets.xcassets in Resources */,
			);
			runOnlyForDeploymentPostprocessing = 0;
		};
		0C7C7C522B60DAAA00444DD0 /* Resources */ = {
			isa = PBXResourcesBuildPhase;
			buildActionMask = 2147483647;
			files = (
			);
			runOnlyForDeploymentPostprocessing = 0;
		};
		0C7C7C5C2B60DAAA00444DD0 /* Resources */ = {
			isa = PBXResourcesBuildPhase;
			buildActionMask = 2147483647;
			files = (
			);
			runOnlyForDeploymentPostprocessing = 0;
		};
/* End PBXResourcesBuildPhase section */

/* Begin PBXSourcesBuildPhase section */
		0C7C7C402B60DAA900444DD0 /* Sources */ = {
			isa = PBXSourcesBuildPhase;
			buildActionMask = 2147483647;
			files = (
				0C1DF6622B60EAE200A00508 /* PedometerService.swift in Sources */,
				0C1DF6642B60EB9D00A00508 /* CoreMotion+Extensions.swift in Sources */,
				0C7C7C4A2B60DAA900444DD0 /* ContentView.swift in Sources */,
				0C1DF6572B60DFA600A00508 /* PedometerError.swift in Sources */,
				0C1DF6602B60E09700A00508 /* Date+Extensions.swift in Sources */,
				0C7C7C482B60DAA900444DD0 /* MyStepsPalApp.swift in Sources */,
				0C1DF65C2B60E06000A00508 /* Pedometer.swift in Sources */,
				0C1DF65E2B60E06800A00508 /* PedometerData.swift in Sources */,
				0C1DF65A2B60DFCB00A00508 /* String+Extensions.swift in Sources */,
				0C1DF6772B60F42E00A00508 /* SimulatorPedometer.swift in Sources */,
				0C1DF6552B60DF8800A00508 /* PedometerService_Protocol.swift in Sources */,
			);
			runOnlyForDeploymentPostprocessing = 0;
		};
		0C7C7C502B60DAAA00444DD0 /* Sources */ = {
			isa = PBXSourcesBuildPhase;
			buildActionMask = 2147483647;
			files = (
				0C1DF66E2B60F03800A00508 /* MockPedometerData.swift in Sources */,
				0C1DF6692B60EF5700A00508 /* PedometerServiceTests.swift in Sources */,
				0C1DF66C2B60F01F00A00508 /* MockPedometer.swift in Sources */,
				0C1DF67B2B60F69C00A00508 /* Date+ExtensionsTests.swift in Sources */,
				0C1DF6702B60F21B00A00508 /* Fixtures.swift in Sources */,
				0C1DF6792B60F60100A00508 /* SimulatorPedometerTests.swift in Sources */,
			);
			runOnlyForDeploymentPostprocessing = 0;
		};
		0C7C7C5A2B60DAAA00444DD0 /* Sources */ = {
			isa = PBXSourcesBuildPhase;
			buildActionMask = 2147483647;
			files = (
				0C1DF6742B60F35900A00508 /* MyStepsPalUITestsLaunchTests.swift in Sources */,
				0C1DF6752B60F35900A00508 /* MyStepsPalUITests.swift in Sources */,
			);
			runOnlyForDeploymentPostprocessing = 0;
		};
/* End PBXSourcesBuildPhase section */

/* Begin PBXTargetDependency section */
		0C7C7C562B60DAAA00444DD0 /* PBXTargetDependency */ = {
			isa = PBXTargetDependency;
			target = 0C7C7C432B60DAA900444DD0 /* MyStepsPal */;
			targetProxy = 0C7C7C552B60DAAA00444DD0 /* PBXContainerItemProxy */;
		};
		0C7C7C602B60DAAA00444DD0 /* PBXTargetDependency */ = {
			isa = PBXTargetDependency;
			target = 0C7C7C432B60DAA900444DD0 /* MyStepsPal */;
			targetProxy = 0C7C7C5F2B60DAAA00444DD0 /* PBXContainerItemProxy */;
		};
/* End PBXTargetDependency section */

/* Begin XCBuildConfiguration section */
		0C7C7C662B60DAAA00444DD0 /* Debug */ = {
			isa = XCBuildConfiguration;
			buildSettings = {
				ALWAYS_SEARCH_USER_PATHS = NO;
				ASSETCATALOG_COMPILER_GENERATE_SWIFT_ASSET_SYMBOL_EXTENSIONS = YES;
				CLANG_ANALYZER_NONNULL = YES;
				CLANG_ANALYZER_NUMBER_OBJECT_CONVERSION = YES_AGGRESSIVE;
				CLANG_CXX_LANGUAGE_STANDARD = "gnu++20";
				CLANG_ENABLE_MODULES = YES;
				CLANG_ENABLE_OBJC_ARC = YES;
				CLANG_ENABLE_OBJC_WEAK = YES;
				CLANG_WARN_BLOCK_CAPTURE_AUTORELEASING = YES;
				CLANG_WARN_BOOL_CONVERSION = YES;
				CLANG_WARN_COMMA = YES;
				CLANG_WARN_CONSTANT_CONVERSION = YES;
				CLANG_WARN_DEPRECATED_OBJC_IMPLEMENTATIONS = YES;
				CLANG_WARN_DIRECT_OBJC_ISA_USAGE = YES_ERROR;
				CLANG_WARN_DOCUMENTATION_COMMENTS = YES;
				CLANG_WARN_EMPTY_BODY = YES;
				CLANG_WARN_ENUM_CONVERSION = YES;
				CLANG_WARN_INFINITE_RECURSION = YES;
				CLANG_WARN_INT_CONVERSION = YES;
				CLANG_WARN_NON_LITERAL_NULL_CONVERSION = YES;
				CLANG_WARN_OBJC_IMPLICIT_RETAIN_SELF = YES;
				CLANG_WARN_OBJC_LITERAL_CONVERSION = YES;
				CLANG_WARN_OBJC_ROOT_CLASS = YES_ERROR;
				CLANG_WARN_QUOTED_INCLUDE_IN_FRAMEWORK_HEADER = YES;
				CLANG_WARN_RANGE_LOOP_ANALYSIS = YES;
				CLANG_WARN_STRICT_PROTOTYPES = YES;
				CLANG_WARN_SUSPICIOUS_MOVE = YES;
				CLANG_WARN_UNGUARDED_AVAILABILITY = YES_AGGRESSIVE;
				CLANG_WARN_UNREACHABLE_CODE = YES;
				CLANG_WARN__DUPLICATE_METHOD_MATCH = YES;
				COPY_PHASE_STRIP = NO;
				DEBUG_INFORMATION_FORMAT = dwarf;
				ENABLE_STRICT_OBJC_MSGSEND = YES;
				ENABLE_TESTABILITY = YES;
				ENABLE_USER_SCRIPT_SANDBOXING = YES;
				GCC_C_LANGUAGE_STANDARD = gnu17;
				GCC_DYNAMIC_NO_PIC = NO;
				GCC_NO_COMMON_BLOCKS = YES;
				GCC_OPTIMIZATION_LEVEL = 0;
				GCC_PREPROCESSOR_DEFINITIONS = (
					"DEBUG=1",
					"$(inherited)",
				);
				GCC_WARN_64_TO_32_BIT_CONVERSION = YES;
				GCC_WARN_ABOUT_RETURN_TYPE = YES_ERROR;
				GCC_WARN_UNDECLARED_SELECTOR = YES;
				GCC_WARN_UNINITIALIZED_AUTOS = YES_AGGRESSIVE;
				GCC_WARN_UNUSED_FUNCTION = YES;
				GCC_WARN_UNUSED_VARIABLE = YES;
				IPHONEOS_DEPLOYMENT_TARGET = 17.0;
				LOCALIZATION_PREFERS_STRING_CATALOGS = YES;
				MTL_ENABLE_DEBUG_INFO = INCLUDE_SOURCE;
				MTL_FAST_MATH = YES;
				ONLY_ACTIVE_ARCH = YES;
				SDKROOT = iphoneos;
				SWIFT_ACTIVE_COMPILATION_CONDITIONS = "DEBUG $(inherited)";
				SWIFT_OPTIMIZATION_LEVEL = "-Onone";
			};
			name = Debug;
		};
		0C7C7C672B60DAAA00444DD0 /* Release */ = {
			isa = XCBuildConfiguration;
			buildSettings = {
				ALWAYS_SEARCH_USER_PATHS = NO;
				ASSETCATALOG_COMPILER_GENERATE_SWIFT_ASSET_SYMBOL_EXTENSIONS = YES;
				CLANG_ANALYZER_NONNULL = YES;
				CLANG_ANALYZER_NUMBER_OBJECT_CONVERSION = YES_AGGRESSIVE;
				CLANG_CXX_LANGUAGE_STANDARD = "gnu++20";
				CLANG_ENABLE_MODULES = YES;
				CLANG_ENABLE_OBJC_ARC = YES;
				CLANG_ENABLE_OBJC_WEAK = YES;
				CLANG_WARN_BLOCK_CAPTURE_AUTORELEASING = YES;
				CLANG_WARN_BOOL_CONVERSION = YES;
				CLANG_WARN_COMMA = YES;
				CLANG_WARN_CONSTANT_CONVERSION = YES;
				CLANG_WARN_DEPRECATED_OBJC_IMPLEMENTATIONS = YES;
				CLANG_WARN_DIRECT_OBJC_ISA_USAGE = YES_ERROR;
				CLANG_WARN_DOCUMENTATION_COMMENTS = YES;
				CLANG_WARN_EMPTY_BODY = YES;
				CLANG_WARN_ENUM_CONVERSION = YES;
				CLANG_WARN_INFINITE_RECURSION = YES;
				CLANG_WARN_INT_CONVERSION = YES;
				CLANG_WARN_NON_LITERAL_NULL_CONVERSION = YES;
				CLANG_WARN_OBJC_IMPLICIT_RETAIN_SELF = YES;
				CLANG_WARN_OBJC_LITERAL_CONVERSION = YES;
				CLANG_WARN_OBJC_ROOT_CLASS = YES_ERROR;
				CLANG_WARN_QUOTED_INCLUDE_IN_FRAMEWORK_HEADER = YES;
				CLANG_WARN_RANGE_LOOP_ANALYSIS = YES;
				CLANG_WARN_STRICT_PROTOTYPES = YES;
				CLANG_WARN_SUSPICIOUS_MOVE = YES;
				CLANG_WARN_UNGUARDED_AVAILABILITY = YES_AGGRESSIVE;
				CLANG_WARN_UNREACHABLE_CODE = YES;
				CLANG_WARN__DUPLICATE_METHOD_MATCH = YES;
				COPY_PHASE_STRIP = NO;
				DEBUG_INFORMATION_FORMAT = "dwarf-with-dsym";
				ENABLE_NS_ASSERTIONS = NO;
				ENABLE_STRICT_OBJC_MSGSEND = YES;
				ENABLE_USER_SCRIPT_SANDBOXING = YES;
				GCC_C_LANGUAGE_STANDARD = gnu17;
				GCC_NO_COMMON_BLOCKS = YES;
				GCC_WARN_64_TO_32_BIT_CONVERSION = YES;
				GCC_WARN_ABOUT_RETURN_TYPE = YES_ERROR;
				GCC_WARN_UNDECLARED_SELECTOR = YES;
				GCC_WARN_UNINITIALIZED_AUTOS = YES_AGGRESSIVE;
				GCC_WARN_UNUSED_FUNCTION = YES;
				GCC_WARN_UNUSED_VARIABLE = YES;
				IPHONEOS_DEPLOYMENT_TARGET = 17.0;
				LOCALIZATION_PREFERS_STRING_CATALOGS = YES;
				MTL_ENABLE_DEBUG_INFO = NO;
				MTL_FAST_MATH = YES;
				SDKROOT = iphoneos;
				SWIFT_COMPILATION_MODE = wholemodule;
				VALIDATE_PRODUCT = YES;
			};
			name = Release;
		};
		0C7C7C692B60DAAA00444DD0 /* Debug */ = {
			isa = XCBuildConfiguration;
			buildSettings = {
				ASSETCATALOG_COMPILER_APPICON_NAME = AppIcon;
				ASSETCATALOG_COMPILER_GLOBAL_ACCENT_COLOR_NAME = AccentColor;
				CODE_SIGN_STYLE = Automatic;
				CURRENT_PROJECT_VERSION = 1;
				DEVELOPMENT_ASSET_PATHS = "\"MyStepsPal/Preview Content\"";
				DEVELOPMENT_TEAM = 5VXJUNYC2Z;
				ENABLE_PREVIEWS = YES;
				GENERATE_INFOPLIST_FILE = YES;
				INFOPLIST_KEY_UIApplicationSceneManifest_Generation = YES;
				INFOPLIST_KEY_UIApplicationSupportsIndirectInputEvents = YES;
				INFOPLIST_KEY_UILaunchScreen_Generation = YES;
				INFOPLIST_KEY_UISupportedInterfaceOrientations_iPad = "UIInterfaceOrientationPortrait UIInterfaceOrientationPortraitUpsideDown UIInterfaceOrientationLandscapeLeft UIInterfaceOrientationLandscapeRight";
				INFOPLIST_KEY_UISupportedInterfaceOrientations_iPhone = "UIInterfaceOrientationPortrait UIInterfaceOrientationLandscapeLeft UIInterfaceOrientationLandscapeRight";
				LD_RUNPATH_SEARCH_PATHS = (
					"$(inherited)",
					"@executable_path/Frameworks",
				);
				MARKETING_VERSION = 1.0;
				PRODUCT_BUNDLE_IDENTIFIER = com.marcusmarshalljr.MyStepsPal;
				PRODUCT_NAME = "$(TARGET_NAME)";
				SWIFT_EMIT_LOC_STRINGS = YES;
				SWIFT_VERSION = 5.0;
				TARGETED_DEVICE_FAMILY = "1,2";
			};
			name = Debug;
		};
		0C7C7C6A2B60DAAA00444DD0 /* Release */ = {
			isa = XCBuildConfiguration;
			buildSettings = {
				ASSETCATALOG_COMPILER_APPICON_NAME = AppIcon;
				ASSETCATALOG_COMPILER_GLOBAL_ACCENT_COLOR_NAME = AccentColor;
				CODE_SIGN_STYLE = Automatic;
				CURRENT_PROJECT_VERSION = 1;
				DEVELOPMENT_ASSET_PATHS = "\"MyStepsPal/Preview Content\"";
				DEVELOPMENT_TEAM = 5VXJUNYC2Z;
				ENABLE_PREVIEWS = YES;
				GENERATE_INFOPLIST_FILE = YES;
				INFOPLIST_KEY_UIApplicationSceneManifest_Generation = YES;
				INFOPLIST_KEY_UIApplicationSupportsIndirectInputEvents = YES;
				INFOPLIST_KEY_UILaunchScreen_Generation = YES;
				INFOPLIST_KEY_UISupportedInterfaceOrientations_iPad = "UIInterfaceOrientationPortrait UIInterfaceOrientationPortraitUpsideDown UIInterfaceOrientationLandscapeLeft UIInterfaceOrientationLandscapeRight";
				INFOPLIST_KEY_UISupportedInterfaceOrientations_iPhone = "UIInterfaceOrientationPortrait UIInterfaceOrientationLandscapeLeft UIInterfaceOrientationLandscapeRight";
				LD_RUNPATH_SEARCH_PATHS = (
					"$(inherited)",
					"@executable_path/Frameworks",
				);
				MARKETING_VERSION = 1.0;
				PRODUCT_BUNDLE_IDENTIFIER = com.marcusmarshalljr.MyStepsPal;
				PRODUCT_NAME = "$(TARGET_NAME)";
				SWIFT_EMIT_LOC_STRINGS = YES;
				SWIFT_VERSION = 5.0;
				TARGETED_DEVICE_FAMILY = "1,2";
			};
			name = Release;
		};
		0C7C7C6C2B60DAAA00444DD0 /* Debug */ = {
			isa = XCBuildConfiguration;
			buildSettings = {
				ALWAYS_EMBED_SWIFT_STANDARD_LIBRARIES = YES;
				BUNDLE_LOADER = "$(TEST_HOST)";
				CLANG_ENABLE_MODULES = YES;
				CODE_SIGN_STYLE = Automatic;
				CURRENT_PROJECT_VERSION = 1;
				DEVELOPMENT_TEAM = 5VXJUNYC2Z;
				GENERATE_INFOPLIST_FILE = YES;
				IPHONEOS_DEPLOYMENT_TARGET = 17.0;
				MARKETING_VERSION = 1.0;
				PRODUCT_BUNDLE_IDENTIFIER = com.marcusmarshalljr.MyStepsPalTests;
				PRODUCT_NAME = "$(TARGET_NAME)";
				SWIFT_EMIT_LOC_STRINGS = NO;
				SWIFT_OPTIMIZATION_LEVEL = "-Onone";
				SWIFT_VERSION = 5.0;
				TARGETED_DEVICE_FAMILY = "1,2";
				TEST_HOST = "$(BUILT_PRODUCTS_DIR)/MyStepsPal.app/$(BUNDLE_EXECUTABLE_FOLDER_PATH)/MyStepsPal";
			};
			name = Debug;
		};
		0C7C7C6D2B60DAAA00444DD0 /* Release */ = {
			isa = XCBuildConfiguration;
			buildSettings = {
				ALWAYS_EMBED_SWIFT_STANDARD_LIBRARIES = YES;
				BUNDLE_LOADER = "$(TEST_HOST)";
				CLANG_ENABLE_MODULES = YES;
				CODE_SIGN_STYLE = Automatic;
				CURRENT_PROJECT_VERSION = 1;
				DEVELOPMENT_TEAM = 5VXJUNYC2Z;
				GENERATE_INFOPLIST_FILE = YES;
				IPHONEOS_DEPLOYMENT_TARGET = 17.0;
				MARKETING_VERSION = 1.0;
				PRODUCT_BUNDLE_IDENTIFIER = com.marcusmarshalljr.MyStepsPalTests;
				PRODUCT_NAME = "$(TARGET_NAME)";
				SWIFT_EMIT_LOC_STRINGS = NO;
				SWIFT_VERSION = 5.0;
				TARGETED_DEVICE_FAMILY = "1,2";
				TEST_HOST = "$(BUILT_PRODUCTS_DIR)/MyStepsPal.app/$(BUNDLE_EXECUTABLE_FOLDER_PATH)/MyStepsPal";
			};
			name = Release;
		};
		0C7C7C6F2B60DAAA00444DD0 /* Debug */ = {
			isa = XCBuildConfiguration;
			buildSettings = {
				ALWAYS_EMBED_SWIFT_STANDARD_LIBRARIES = YES;
				CLANG_ENABLE_MODULES = YES;
				CODE_SIGN_STYLE = Automatic;
				CURRENT_PROJECT_VERSION = 1;
				DEVELOPMENT_TEAM = 9X6L8F26YR;
				GENERATE_INFOPLIST_FILE = YES;
				MARKETING_VERSION = 1.0;
				PRODUCT_BUNDLE_IDENTIFIER = com.marcusmarshalljr.MyStepsPalUITests;
				PRODUCT_NAME = "$(TARGET_NAME)";
				SWIFT_EMIT_LOC_STRINGS = NO;
				SWIFT_OBJC_BRIDGING_HEADER = "MyStepsPalUITests/MyStepsPalUITests-Bridging-Header.h";
				SWIFT_OPTIMIZATION_LEVEL = "-Onone";
				SWIFT_VERSION = 5.0;
				TARGETED_DEVICE_FAMILY = "1,2";
				TEST_TARGET_NAME = MyStepsPal;
			};
			name = Debug;
		};
		0C7C7C702B60DAAA00444DD0 /* Release */ = {
			isa = XCBuildConfiguration;
			buildSettings = {
				ALWAYS_EMBED_SWIFT_STANDARD_LIBRARIES = YES;
				CLANG_ENABLE_MODULES = YES;
				CODE_SIGN_STYLE = Automatic;
				CURRENT_PROJECT_VERSION = 1;
				DEVELOPMENT_TEAM = 9X6L8F26YR;
				GENERATE_INFOPLIST_FILE = YES;
				MARKETING_VERSION = 1.0;
				PRODUCT_BUNDLE_IDENTIFIER = com.marcusmarshalljr.MyStepsPalUITests;
				PRODUCT_NAME = "$(TARGET_NAME)";
				SWIFT_EMIT_LOC_STRINGS = NO;
				SWIFT_OBJC_BRIDGING_HEADER = "MyStepsPalUITests/MyStepsPalUITests-Bridging-Header.h";
				SWIFT_VERSION = 5.0;
				TARGETED_DEVICE_FAMILY = "1,2";
				TEST_TARGET_NAME = MyStepsPal;
			};
			name = Release;
		};
/* End XCBuildConfiguration section */

/* Begin XCConfigurationList section */
		0C7C7C3F2B60DAA900444DD0 /* Build configuration list for PBXProject "MyStepsPal" */ = {
			isa = XCConfigurationList;
			buildConfigurations = (
				0C7C7C662B60DAAA00444DD0 /* Debug */,
				0C7C7C672B60DAAA00444DD0 /* Release */,
			);
			defaultConfigurationIsVisible = 0;
			defaultConfigurationName = Release;
		};
		0C7C7C682B60DAAA00444DD0 /* Build configuration list for PBXNativeTarget "MyStepsPal" */ = {
			isa = XCConfigurationList;
			buildConfigurations = (
				0C7C7C692B60DAAA00444DD0 /* Debug */,
				0C7C7C6A2B60DAAA00444DD0 /* Release */,
			);
			defaultConfigurationIsVisible = 0;
			defaultConfigurationName = Release;
		};
		0C7C7C6B2B60DAAA00444DD0 /* Build configuration list for PBXNativeTarget "MyStepsPalTests" */ = {
			isa = XCConfigurationList;
			buildConfigurations = (
				0C7C7C6C2B60DAAA00444DD0 /* Debug */,
				0C7C7C6D2B60DAAA00444DD0 /* Release */,
			);
			defaultConfigurationIsVisible = 0;
			defaultConfigurationName = Release;
		};
		0C7C7C6E2B60DAAA00444DD0 /* Build configuration list for PBXNativeTarget "MyStepsPalUITests" */ = {
			isa = XCConfigurationList;
			buildConfigurations = (
				0C7C7C6F2B60DAAA00444DD0 /* Debug */,
				0C7C7C702B60DAAA00444DD0 /* Release */,
			);
			defaultConfigurationIsVisible = 0;
			defaultConfigurationName = Release;
		};
/* End XCConfigurationList section */
	};
	rootObject = 0C7C7C3C2B60DAA900444DD0 /* Project object */;
}
